
Microsoft Visual Studio Solution File, Format Version 12.00
# Visual Studio Version 17
VisualStudioVersion = 17.13.35818.85 d17.13
MinimumVisualStudioVersion = 10.0.40219.1
Project("{FAE04EC0-301F-11D3-BF4B-00C04F79EFBC}") = "WarShipsX.API", "WarShipsX.API\WarShipsX.API.csproj", "{8CA3AB24-0AAC-4174-986F-F708A40F4754}"
EndProject
Project("{FAE04EC0-301F-11D3-BF4B-00C04F79EFBC}") = "WarShipsX.Infrastructure", "WarShipsX.Infrastructure\WarShipsX.Infrastructure.csproj", "{64C05495-5754-4308-8432-30FB270C8F54}"
EndProject
Project("{FAE04EC0-301F-11D3-BF4B-00C04F79EFBC}") = "WarShipsX.Application", "WarShipsX.Application\WarShipsX.Application.csproj", "{06ED0907-BDF8-4106-A4C6-C31F52123AA9}"
EndProject
Global
	GlobalSection(SolutionConfigurationPlatforms) = preSolution
		Debug|Any CPU = Debug|Any CPU
		Release|Any CPU = Release|Any CPU
	EndGlobalSection
	GlobalSection(ProjectConfigurationPlatforms) = postSolution
		{8CA3AB24-0AAC-4174-986F-F708A40F4754}.Debug|Any CPU.ActiveCfg = Debug|Any CPU
		{8CA3AB24-0AAC-4174-986F-F708A40F4754}.Debug|Any CPU.Build.0 = Debug|Any CPU
		{8CA3AB24-0AAC-4174-986F-F708A40F4754}.Release|Any CPU.ActiveCfg = Release|Any CPU
		{8CA3AB24-0AAC-4174-986F-F708A40F4754}.Release|Any CPU.Build.0 = Release|Any CPU
		{64C05495-5754-4308-8432-30FB270C8F54}.Debug|Any CPU.ActiveCfg = Debug|Any CPU
		{64C05495-5754-4308-8432-30FB270C8F54}.Debug|Any CPU.Build.0 = Debug|Any CPU
		{64C05495-5754-4308-8432-30FB270C8F54}.Release|Any CPU.ActiveCfg = Release|Any CPU
		{64C05495-5754-4308-8432-30FB270C8F54}.Release|Any CPU.Build.0 = Release|Any CPU
		{06ED0907-BDF8-4106-A4C6-C31F52123AA9}.Debug|Any CPU.ActiveCfg = Debug|Any CPU
		{06ED0907-BDF8-4106-A4C6-C31F52123AA9}.Debug|Any CPU.Build.0 = Debug|Any CPU
		{06ED0907-BDF8-4106-A4C6-C31F52123AA9}.Release|Any CPU.ActiveCfg = Release|Any CPU
		{06ED0907-BDF8-4106-A4C6-C31F52123AA9}.Release|Any CPU.Build.0 = Release|Any CPU
	EndGlobalSection
	GlobalSection(SolutionProperties) = preSolution
		HideSolutionNode = FALSE
	EndGlobalSection
	GlobalSection(ExtensibilityGlobals) = postSolution
		SolutionGuid = {00443F2F-088B-44FC-A4EB-D4A241C30AC3}
	EndGlobalSection
EndGlobal
